
Microsoft Visual Studio Solution File, Format Version 12.00
# Visual Studio Version 17
VisualStudioVersion = 17.8.34330.188
MinimumVisualStudioVersion = 10.0.40219.1
Project("{888888A0-9F3D-457C-B088-3A5042F75D52}") = "CourseProjectPhase_II", "CourseProjectPhase_II.pyproj", "{3710EEFC-8563-4F01-8C43-8E70B8719DA5}"
EndProject
Global
	GlobalSection(SolutionConfigurationPlatforms) = preSolution
		Debug|Any CPU = Debug|Any CPU
		Release|Any CPU = Release|Any CPU
	EndGlobalSection
	GlobalSection(ProjectConfigurationPlatforms) = postSolution
		{3710EEFC-8563-4F01-8C43-8E70B8719DA5}.Debug|Any CPU.ActiveCfg = Debug|Any CPU
		{3710EEFC-8563-4F01-8C43-8E70B8719DA5}.Release|Any CPU.ActiveCfg = Release|Any CPU
	EndGlobalSection
	GlobalSection(SolutionProperties) = preSolution
		HideSolutionNode = FALSE
	EndGlobalSection
	GlobalSection(ExtensibilityGlobals) = postSolution
		SolutionGuid = {1B527A72-A4C4-4482-A9B6-F561D45A1BB4}
	EndGlobalSection
EndGlobal
